<?xml version="1.0" encoding="UTF-8" standalone="yes" ?>
<CodeBlocks_project_file>
	<FileVersion major="1" minor="6" />
	<Project>
		<Option title="RayTracer" />
		<Option pch_mode="2" />
		<Option compiler="gcc" />
		<Build>
			<Target title="Debug">
				<Option output="bin/Debug/RayTracer" prefix_auto="1" extension_auto="1" />
				<Option working_dir="/usr/bin" />
				<Option object_output="obj/Debug/" />
				<Option type="1" />
				<Option compiler="gcc" />
				<Compiler>
					<Add option="-g" />
				</Compiler>
			</Target>
			<Target title="Release">
				<Option output="bin/Release/RayTracer" prefix_auto="1" extension_auto="1" />
				<Option working_dir="/usr/bin" />
				<Option object_output="obj/Release/" />
				<Option type="0" />
				<Option compiler="gcc" />
				<Compiler>
					<Add option="-O2" />
				</Compiler>
				<Linker>
					<Add option="-s" />
				</Linker>
			</Target>
		</Build>
		<Compiler>
			<Add option="-Wall" />
			<Add directory="/usr/include" />
		</Compiler>
		<Linker>
			<Add library="glut" />
			<Add library="GL" />
			<Add library="GLU" />
			<Add library="Xxf86vm" />
			<Add directory="/usr/lib" />
		</Linker>
		<Unit filename="Camera.cpp" />
		<Unit filename="Camera.h" />
		<Unit filename="Check.cpp" />
		<Unit filename="Check.h" />
		<Unit filename="Checkerboard.cpp" />
		<Unit filename="Checkerboard.h" />
		<Unit filename="Colors.h" />
		<Unit filename="LightSource.cpp" />
		<Unit filename="LightSource.h" />
		<Unit filename="MyMath.h" />
		<Unit filename="Object.h" />
		<Unit filename="Primitives.cpp" />
		<Unit filename="Primitives.h" />
		<Unit filename="Ray.cpp" />
		<Unit filename="Ray.h" />
		<Unit filename="RayTracer.cpp" />
		<Unit filename="RayTracer.h" />
		<Unit filename="Sphere.cpp" />
		<Unit filename="Sphere.h" />
		<Unit filename="Square.cpp" />
		<Unit filename="Square.h" />
		<Unit filename="Triangle.cpp" />
		<Unit filename="Triangle.h" />
		<Unit filename="Vector.cpp" />
		<Unit filename="Vector.h" />
		<Unit filename="World.cpp" />
		<Unit filename="World.h" />
		<Unit filename="bitmap_image.hpp" />
		<Unit filename="main.cpp" />
		<Unit filename="mygl.h" />
		<Extensions>
			<code_completion />
			<debugger />
		</Extensions>
	</Project>
</CodeBlocks_project_file>
